
Microsoft Visual Studio Solution File, Format Version 12.00
# Visual Studio Version 17
VisualStudioVersion = 17.0.32112.339
MinimumVisualStudioVersion = 10.0.40219.1
Project("{9A19103F-16F7-4668-BE54-9A1E7A4F7556}") = "BEIMA.Backend", "BEIMA.Backend.csproj", "{251D598D-30D4-4270-8FD5-8A77192A94A3}"
EndProject
Project("{9A19103F-16F7-4668-BE54-9A1E7A4F7556}") = "BEIMA.Backend.Test", "..\BEIMA.Backend.Test\BEIMA.Backend.Test.csproj", "{7625EF25-65B6-4EF9-B1FD-54802EFF8707}"
EndProject
Project("{9A19103F-16F7-4668-BE54-9A1E7A4F7556}") = "BEIMA.Backend.FT", "..\BEIMA.Backend.FT\BEIMA.Backend.FT.csproj", "{42A5B7E8-C6FC-4562-A670-02C03C191091}"
EndProject
Global
	GlobalSection(SolutionConfigurationPlatforms) = preSolution
		Debug|Any CPU = Debug|Any CPU
		Release|Any CPU = Release|Any CPU
	EndGlobalSection
	GlobalSection(ProjectConfigurationPlatforms) = postSolution
		{251D598D-30D4-4270-8FD5-8A77192A94A3}.Debug|Any CPU.ActiveCfg = Debug|Any CPU
		{251D598D-30D4-4270-8FD5-8A77192A94A3}.Debug|Any CPU.Build.0 = Debug|Any CPU
		{251D598D-30D4-4270-8FD5-8A77192A94A3}.Release|Any CPU.ActiveCfg = Release|Any CPU
		{251D598D-30D4-4270-8FD5-8A77192A94A3}.Release|Any CPU.Build.0 = Release|Any CPU
		{7625EF25-65B6-4EF9-B1FD-54802EFF8707}.Debug|Any CPU.ActiveCfg = Debug|Any CPU
		{7625EF25-65B6-4EF9-B1FD-54802EFF8707}.Debug|Any CPU.Build.0 = Debug|Any CPU
		{7625EF25-65B6-4EF9-B1FD-54802EFF8707}.Release|Any CPU.ActiveCfg = Release|Any CPU
		{7625EF25-65B6-4EF9-B1FD-54802EFF8707}.Release|Any CPU.Build.0 = Release|Any CPU
		{42A5B7E8-C6FC-4562-A670-02C03C191091}.Debug|Any CPU.ActiveCfg = Debug|Any CPU
		{42A5B7E8-C6FC-4562-A670-02C03C191091}.Debug|Any CPU.Build.0 = Debug|Any CPU
		{42A5B7E8-C6FC-4562-A670-02C03C191091}.Release|Any CPU.ActiveCfg = Release|Any CPU
		{42A5B7E8-C6FC-4562-A670-02C03C191091}.Release|Any CPU.Build.0 = Release|Any CPU
	EndGlobalSection
	GlobalSection(SolutionProperties) = preSolution
		HideSolutionNode = FALSE
	EndGlobalSection
	GlobalSection(ExtensibilityGlobals) = postSolution
		SolutionGuid = {DC4658B2-7EDB-4680-B642-11C311F32215}
	EndGlobalSection
EndGlobal
